
Microsoft Visual Studio Solution File, Format Version 10.00
# Visual Studio 2008
Project("{FAE04EC0-301F-11D3-BF4B-00C04F79EFBC}") = "Gestion_Commercial", "Gestion_Commercial\Gestion_Commercial.csproj", "{DD10629A-FCB9-4BB6-980D-944D88A23E44}"
EndProject
Global
	GlobalSection(SolutionConfigurationPlatforms) = preSolution
		Debug|Any CPU = Debug|Any CPU
		Release|Any CPU = Release|Any CPU
	EndGlobalSection
	GlobalSection(ProjectConfigurationPlatforms) = postSolution
		{DD10629A-FCB9-4BB6-980D-944D88A23E44}.Debug|Any CPU.ActiveCfg = Debug|Any CPU
		{DD10629A-FCB9-4BB6-980D-944D88A23E44}.Debug|Any CPU.Build.0 = Debug|Any CPU
		{DD10629A-FCB9-4BB6-980D-944D88A23E44}.Release|Any CPU.ActiveCfg = Release|Any CPU
		{DD10629A-FCB9-4BB6-980D-944D88A23E44}.Release|Any CPU.Build.0 = Release|Any CPU
	EndGlobalSection
	GlobalSection(SolutionProperties) = preSolution
		HideSolutionNode = FALSE
	EndGlobalSection
EndGlobal
