
Microsoft Visual Studio Solution File, Format Version 10.00
# Visual Studio 2008
Project("{FAE04EC0-301F-11D3-BF4B-00C04F79EFBC}") = "AtelierAnalysePatient", "AtelierAnalysePatient\AtelierAnalysePatient.csproj", "{5F5B5799-579C-415E-8E98-87D198FB60CD}"
EndProject
Global
	GlobalSection(SolutionConfigurationPlatforms) = preSolution
		Debug|Any CPU = Debug|Any CPU
		Release|Any CPU = Release|Any CPU
	EndGlobalSection
	GlobalSection(ProjectConfigurationPlatforms) = postSolution
		{5F5B5799-579C-415E-8E98-87D198FB60CD}.Debug|Any CPU.ActiveCfg = Debug|Any CPU
		{5F5B5799-579C-415E-8E98-87D198FB60CD}.Debug|Any CPU.Build.0 = Debug|Any CPU
		{5F5B5799-579C-415E-8E98-87D198FB60CD}.Release|Any CPU.ActiveCfg = Release|Any CPU
		{5F5B5799-579C-415E-8E98-87D198FB60CD}.Release|Any CPU.Build.0 = Release|Any CPU
	EndGlobalSection
	GlobalSection(SolutionProperties) = preSolution
		HideSolutionNode = FALSE
	EndGlobalSection
EndGlobal
