
Microsoft Visual Studio Solution File, Format Version 10.00
# Visual Studio 2008
Project("{FAE04EC0-301F-11D3-BF4B-00C04F79EFBC}") = "Pile_Exercices", "Pile_Exercices\Pile_Exercices.csproj", "{AEAE340C-4FA3-4593-8038-487474EB87A6}"
EndProject
Global
	GlobalSection(SolutionConfigurationPlatforms) = preSolution
		Debug|Any CPU = Debug|Any CPU
		Release|Any CPU = Release|Any CPU
	EndGlobalSection
	GlobalSection(ProjectConfigurationPlatforms) = postSolution
		{AEAE340C-4FA3-4593-8038-487474EB87A6}.Debug|Any CPU.ActiveCfg = Debug|Any CPU
		{AEAE340C-4FA3-4593-8038-487474EB87A6}.Debug|Any CPU.Build.0 = Debug|Any CPU
		{AEAE340C-4FA3-4593-8038-487474EB87A6}.Release|Any CPU.ActiveCfg = Release|Any CPU
		{AEAE340C-4FA3-4593-8038-487474EB87A6}.Release|Any CPU.Build.0 = Release|Any CPU
	EndGlobalSection
	GlobalSection(SolutionProperties) = preSolution
		HideSolutionNode = FALSE
	EndGlobalSection
EndGlobal
