
Microsoft Visual Studio Solution File, Format Version 10.00
# Visual Studio 2008
Project("{FAE04EC0-301F-11D3-BF4B-00C04F79EFBC}") = "Gestion Produits", "Gestion Produits\Gestion Produits.csproj", "{3A2FFC8A-B920-4A9B-B4C5-F9A5D0AED724}"
EndProject
Global
	GlobalSection(SolutionConfigurationPlatforms) = preSolution
		Debug|Any CPU = Debug|Any CPU
		Release|Any CPU = Release|Any CPU
	EndGlobalSection
	GlobalSection(ProjectConfigurationPlatforms) = postSolution
		{3A2FFC8A-B920-4A9B-B4C5-F9A5D0AED724}.Debug|Any CPU.ActiveCfg = Debug|Any CPU
		{3A2FFC8A-B920-4A9B-B4C5-F9A5D0AED724}.Debug|Any CPU.Build.0 = Debug|Any CPU
		{3A2FFC8A-B920-4A9B-B4C5-F9A5D0AED724}.Release|Any CPU.ActiveCfg = Release|Any CPU
		{3A2FFC8A-B920-4A9B-B4C5-F9A5D0AED724}.Release|Any CPU.Build.0 = Release|Any CPU
	EndGlobalSection
	GlobalSection(SolutionProperties) = preSolution
		HideSolutionNode = FALSE
	EndGlobalSection
EndGlobal
